
Microsoft Visual Studio Solution File, Format Version 12.00
Project("{FAE04EC0-301F-11D3-BF4B-00C04F79EFBC}") = "YouAreShutUp.DiscordBot", "YouAreShutUp.DiscordBot\YouAreShutUp.DiscordBot.csproj", "{7F1EAFBB-DC5C-4A39-9DCC-C8AAE9C763E4}"
EndProject
Project("{FAE04EC0-301F-11D3-BF4B-00C04F79EFBC}") = "YouAreShutUp.MessageBus", "YouAreShutUp.MessageBus\YouAreShutUp.MessageBus.csproj", "{A89C78A0-32CA-481C-8E5D-D044F642617E}"
EndProject
Project("{FAE04EC0-301F-11D3-BF4B-00C04F79EFBC}") = "YouAreShutUp.Contracts", "YouAreShutUp.Contracts\YouAreShutUp.Contracts.csproj", "{C50938C8-D77B-495A-95B3-CD3A378956E8}"
EndProject
Global
	GlobalSection(SolutionConfigurationPlatforms) = preSolution
		Debug|Any CPU = Debug|Any CPU
		Release|Any CPU = Release|Any CPU
	EndGlobalSection
	GlobalSection(ProjectConfigurationPlatforms) = postSolution
		{7F1EAFBB-DC5C-4A39-9DCC-C8AAE9C763E4}.Debug|Any CPU.ActiveCfg = Debug|Any CPU
		{7F1EAFBB-DC5C-4A39-9DCC-C8AAE9C763E4}.Debug|Any CPU.Build.0 = Debug|Any CPU
		{7F1EAFBB-DC5C-4A39-9DCC-C8AAE9C763E4}.Release|Any CPU.ActiveCfg = Release|Any CPU
		{7F1EAFBB-DC5C-4A39-9DCC-C8AAE9C763E4}.Release|Any CPU.Build.0 = Release|Any CPU
		{A89C78A0-32CA-481C-8E5D-D044F642617E}.Debug|Any CPU.ActiveCfg = Debug|Any CPU
		{A89C78A0-32CA-481C-8E5D-D044F642617E}.Debug|Any CPU.Build.0 = Debug|Any CPU
		{A89C78A0-32CA-481C-8E5D-D044F642617E}.Release|Any CPU.ActiveCfg = Release|Any CPU
		{A89C78A0-32CA-481C-8E5D-D044F642617E}.Release|Any CPU.Build.0 = Release|Any CPU
		{C50938C8-D77B-495A-95B3-CD3A378956E8}.Debug|Any CPU.ActiveCfg = Debug|Any CPU
		{C50938C8-D77B-495A-95B3-CD3A378956E8}.Debug|Any CPU.Build.0 = Debug|Any CPU
		{C50938C8-D77B-495A-95B3-CD3A378956E8}.Release|Any CPU.ActiveCfg = Release|Any CPU
		{C50938C8-D77B-495A-95B3-CD3A378956E8}.Release|Any CPU.Build.0 = Release|Any CPU
	EndGlobalSection
EndGlobal
